
Microsoft Visual Studio Solution File, Format Version 12.00
# Visual Studio 15
VisualStudioVersion = 15.0.27428.2043
MinimumVisualStudioVersion = 10.0.40219.1
Project("{FAE04EC0-301F-11D3-BF4B-00C04F79EFBC}") = "TemplateBindingDemo", "TemplateBindingDemo\TemplateBindingDemo.csproj", "{6BC20795-66E6-47D9-9391-2E3AF8CD32FF}"
EndProject
Global
	GlobalSection(SolutionConfigurationPlatforms) = preSolution
		Debug|Any CPU = Debug|Any CPU
		Release|Any CPU = Release|Any CPU
	EndGlobalSection
	GlobalSection(ProjectConfigurationPlatforms) = postSolution
		{6BC20795-66E6-47D9-9391-2E3AF8CD32FF}.Debug|Any CPU.ActiveCfg = Debug|Any CPU
		{6BC20795-66E6-47D9-9391-2E3AF8CD32FF}.Debug|Any CPU.Build.0 = Debug|Any CPU
		{6BC20795-66E6-47D9-9391-2E3AF8CD32FF}.Release|Any CPU.ActiveCfg = Release|Any CPU
		{6BC20795-66E6-47D9-9391-2E3AF8CD32FF}.Release|Any CPU.Build.0 = Release|Any CPU
	EndGlobalSection
	GlobalSection(SolutionProperties) = preSolution
		HideSolutionNode = FALSE
	EndGlobalSection
	GlobalSection(ExtensibilityGlobals) = postSolution
		SolutionGuid = {34725659-3A3E-4386-9AA0-7AC5FB94D01B}
	EndGlobalSection
EndGlobal
